
Microsoft Visual Studio Solution File, Format Version 12.00
# Visual Studio Version 16
VisualStudioVersion = 16.0.32002.261
MinimumVisualStudioVersion = 10.0.40219.1
Project("{FAE04EC0-301F-11D3-BF4B-00C04F79EFBC}") = "MyLinkedList", "MyLinkedList.csproj", "{B5DD8CFC-A157-4267-B8CD-C6D426C1F0DE}"
EndProject
Global
	GlobalSection(SolutionConfigurationPlatforms) = preSolution
		Debug|Any CPU = Debug|Any CPU
		Release|Any CPU = Release|Any CPU
	EndGlobalSection
	GlobalSection(ProjectConfigurationPlatforms) = postSolution
		{B5DD8CFC-A157-4267-B8CD-C6D426C1F0DE}.Debug|Any CPU.ActiveCfg = Debug|Any CPU
		{B5DD8CFC-A157-4267-B8CD-C6D426C1F0DE}.Debug|Any CPU.Build.0 = Debug|Any CPU
		{B5DD8CFC-A157-4267-B8CD-C6D426C1F0DE}.Release|Any CPU.ActiveCfg = Release|Any CPU
		{B5DD8CFC-A157-4267-B8CD-C6D426C1F0DE}.Release|Any CPU.Build.0 = Release|Any CPU
	EndGlobalSection
	GlobalSection(SolutionProperties) = preSolution
		HideSolutionNode = FALSE
	EndGlobalSection
	GlobalSection(ExtensibilityGlobals) = postSolution
		SolutionGuid = {8FDF448E-E06C-4C8E-953F-461748273519}
	EndGlobalSection
EndGlobal
